# Optional local E5 runtime. Validated on Windows / Python 3.14.7.
# Python 3.11 resolves its compatible NumPy release from pyproject.toml.
-c requirements-dev.lock
numpy==2.5.3; python_version >= "3.12"
onnxruntime==1.30.0
tokenizers==0.23.2
flatbuffers==25.12.19
protobuf==7.36.2
huggingface-hub==1.32.0
filelock==4.0.1
fsspec==2026.9.0
hf-xet==1.6.0
pyyaml==6.0.3
tqdm==4.70.1
